
Microsoft Visual Studio Solution File, Format Version 12.00
# Visual Studio Version 17
VisualStudioVersion = 17.8.34330.188
MinimumVisualStudioVersion = 10.0.40219.1
Project("{9A19103F-16F7-4668-BE54-9A1E7A4F7556}") = "HotelAdmin", "HotelAdmin.csproj", "{7AEA972D-D662-4C3F-BE06-C48ED04BDD7B}"
EndProject
Global
	GlobalSection(SolutionConfigurationPlatforms) = preSolution
		Debug|Any CPU = Debug|Any CPU
		Release|Any CPU = Release|Any CPU
	EndGlobalSection
	GlobalSection(ProjectConfigurationPlatforms) = postSolution
		{7AEA972D-D662-4C3F-BE06-C48ED04BDD7B}.Debug|Any CPU.ActiveCfg = Debug|Any CPU
		{7AEA972D-D662-4C3F-BE06-C48ED04BDD7B}.Debug|Any CPU.Build.0 = Debug|Any CPU
		{7AEA972D-D662-4C3F-BE06-C48ED04BDD7B}.Release|Any CPU.ActiveCfg = Release|Any CPU
		{7AEA972D-D662-4C3F-BE06-C48ED04BDD7B}.Release|Any CPU.Build.0 = Release|Any CPU
	EndGlobalSection
	GlobalSection(SolutionProperties) = preSolution
		HideSolutionNode = FALSE
	EndGlobalSection
	GlobalSection(ExtensibilityGlobals) = postSolution
		SolutionGuid = {C890827B-463E-470B-9DD7-04319DA7A810}
	EndGlobalSection
EndGlobal
